
Microsoft Visual Studio Solution File, Format Version 12.00
# Visual Studio 15
VisualStudioVersion = 15.0.28307.329
MinimumVisualStudioVersion = 10.0.40219.1
Project("{8BC9CEB8-8B4A-11D0-8D11-00A0C91BC942}") = "VNS", "VNS\VNS.vcxproj", "{AB28C7EC-4CC0-4D01-B463-E84A4B50EB1F}"
EndProject
Project("{8BC9CEB8-8B4A-11D0-8D11-00A0C91BC942}") = "AntiBandwidthLib", "AntiBandwidthLib\AntiBandwidthLib.vcxproj", "{03FCDA25-05C9-4D34-A919-DA3CADD02F7C}"
EndProject
Project("{8BC9CEB8-8B4A-11D0-8D11-00A0C91BC942}") = "GraphGeneratorLib", "GraphGeneratorLib\GraphGeneratorLib.vcxproj", "{64BDD558-7078-4C08-9F78-9FFCDB1D4CF2}"
EndProject
Project("{8BC9CEB8-8B4A-11D0-8D11-00A0C91BC942}") = "CatchLib", "CatchLib\CatchLib.vcxproj", "{220459F3-E2E0-4463-A8A5-93FE384D2C0C}"
EndProject
Project("{8BC9CEB8-8B4A-11D0-8D11-00A0C91BC942}") = "DeterministAlgorithmLib", "DeterministAlgorithmLib\DeterministAlgorithmLib.vcxproj", "{00940309-DF57-4F08-B930-E966F4C136EB}"
EndProject
Project("{8BC9CEB8-8B4A-11D0-8D11-00A0C91BC942}") = "NeighborhoodStructsLib", "NeighborhoodStructsLib\NeighborhoodStructsLib.vcxproj", "{74B1E5B8-565E-4831-ABFF-D3C443FC74AB}"
EndProject
Project("{8BC9CEB8-8B4A-11D0-8D11-00A0C91BC942}") = "VNSLib", "VNSLib\VNSLib.vcxproj", "{080690D9-8F75-46CD-B893-9CFBA6BC8E10}"
EndProject
Project("{8BC9CEB8-8B4A-11D0-8D11-00A0C91BC942}") = "Testing", "Testing\Testing.vcxproj", "{F8500A36-FE74-4C9E-AAF3-266B6F3B34A8}"
EndProject
Project("{8BC9CEB8-8B4A-11D0-8D11-00A0C91BC942}") = "GRAPSLib", "GRAPSLib\GRAPSLib.vcxproj", "{0DDF4CF6-E270-4473-9B40-354194135E85}"
EndProject
Project("{8BC9CEB8-8B4A-11D0-8D11-00A0C91BC942}") = "VNDBenchmark", "VNDBenchmark\VNDBenchmark.vcxproj", "{008CC182-859A-4030-851E-B66716C10E37}"
EndProject
Global
	GlobalSection(SolutionConfigurationPlatforms) = preSolution
		Debug|x64 = Debug|x64
		Debug|x86 = Debug|x86
		Release|x64 = Release|x64
		Release|x86 = Release|x86
	EndGlobalSection
	GlobalSection(ProjectConfigurationPlatforms) = postSolution
		{AB28C7EC-4CC0-4D01-B463-E84A4B50EB1F}.Debug|x64.ActiveCfg = Debug|x64
		{AB28C7EC-4CC0-4D01-B463-E84A4B50EB1F}.Debug|x64.Build.0 = Debug|x64
		{AB28C7EC-4CC0-4D01-B463-E84A4B50EB1F}.Debug|x86.ActiveCfg = Debug|Win32
		{AB28C7EC-4CC0-4D01-B463-E84A4B50EB1F}.Debug|x86.Build.0 = Debug|Win32
		{AB28C7EC-4CC0-4D01-B463-E84A4B50EB1F}.Release|x64.ActiveCfg = Release|x64
		{AB28C7EC-4CC0-4D01-B463-E84A4B50EB1F}.Release|x64.Build.0 = Release|x64
		{AB28C7EC-4CC0-4D01-B463-E84A4B50EB1F}.Release|x86.ActiveCfg = Release|Win32
		{AB28C7EC-4CC0-4D01-B463-E84A4B50EB1F}.Release|x86.Build.0 = Release|Win32
		{03FCDA25-05C9-4D34-A919-DA3CADD02F7C}.Debug|x64.ActiveCfg = Debug|x64
		{03FCDA25-05C9-4D34-A919-DA3CADD02F7C}.Debug|x64.Build.0 = Debug|x64
		{03FCDA25-05C9-4D34-A919-DA3CADD02F7C}.Debug|x86.ActiveCfg = Debug|Win32
		{03FCDA25-05C9-4D34-A919-DA3CADD02F7C}.Debug|x86.Build.0 = Debug|Win32
		{03FCDA25-05C9-4D34-A919-DA3CADD02F7C}.Release|x64.ActiveCfg = Release|x64
		{03FCDA25-05C9-4D34-A919-DA3CADD02F7C}.Release|x64.Build.0 = Release|x64
		{03FCDA25-05C9-4D34-A919-DA3CADD02F7C}.Release|x86.ActiveCfg = Release|Win32
		{03FCDA25-05C9-4D34-A919-DA3CADD02F7C}.Release|x86.Build.0 = Release|Win32
		{64BDD558-7078-4C08-9F78-9FFCDB1D4CF2}.Debug|x64.ActiveCfg = Debug|x64
		{64BDD558-7078-4C08-9F78-9FFCDB1D4CF2}.Debug|x64.Build.0 = Debug|x64
		{64BDD558-7078-4C08-9F78-9FFCDB1D4CF2}.Debug|x86.ActiveCfg = Debug|Win32
		{64BDD558-7078-4C08-9F78-9FFCDB1D4CF2}.Debug|x86.Build.0 = Debug|Win32
		{64BDD558-7078-4C08-9F78-9FFCDB1D4CF2}.Release|x64.ActiveCfg = Release|x64
		{64BDD558-7078-4C08-9F78-9FFCDB1D4CF2}.Release|x64.Build.0 = Release|x64
		{64BDD558-7078-4C08-9F78-9FFCDB1D4CF2}.Release|x86.ActiveCfg = Release|Win32
		{64BDD558-7078-4C08-9F78-9FFCDB1D4CF2}.Release|x86.Build.0 = Release|Win32
		{220459F3-E2E0-4463-A8A5-93FE384D2C0C}.Debug|x64.ActiveCfg = Debug|x64
		{220459F3-E2E0-4463-A8A5-93FE384D2C0C}.Debug|x64.Build.0 = Debug|x64
		{220459F3-E2E0-4463-A8A5-93FE384D2C0C}.Debug|x86.ActiveCfg = Debug|Win32
		{220459F3-E2E0-4463-A8A5-93FE384D2C0C}.Debug|x86.Build.0 = Debug|Win32
		{220459F3-E2E0-4463-A8A5-93FE384D2C0C}.Release|x64.ActiveCfg = Release|x64
		{220459F3-E2E0-4463-A8A5-93FE384D2C0C}.Release|x64.Build.0 = Release|x64
		{220459F3-E2E0-4463-A8A5-93FE384D2C0C}.Release|x86.ActiveCfg = Release|Win32
		{220459F3-E2E0-4463-A8A5-93FE384D2C0C}.Release|x86.Build.0 = Release|Win32
		{00940309-DF57-4F08-B930-E966F4C136EB}.Debug|x64.ActiveCfg = Debug|x64
		{00940309-DF57-4F08-B930-E966F4C136EB}.Debug|x64.Build.0 = Debug|x64
		{00940309-DF57-4F08-B930-E966F4C136EB}.Debug|x86.ActiveCfg = Debug|Win32
		{00940309-DF57-4F08-B930-E966F4C136EB}.Debug|x86.Build.0 = Debug|Win32
		{00940309-DF57-4F08-B930-E966F4C136EB}.Release|x64.ActiveCfg = Release|x64
		{00940309-DF57-4F08-B930-E966F4C136EB}.Release|x64.Build.0 = Release|x64
		{00940309-DF57-4F08-B930-E966F4C136EB}.Release|x86.ActiveCfg = Release|Win32
		{00940309-DF57-4F08-B930-E966F4C136EB}.Release|x86.Build.0 = Release|Win32
		{74B1E5B8-565E-4831-ABFF-D3C443FC74AB}.Debug|x64.ActiveCfg = Debug|x64
		{74B1E5B8-565E-4831-ABFF-D3C443FC74AB}.Debug|x64.Build.0 = Debug|x64
		{74B1E5B8-565E-4831-ABFF-D3C443FC74AB}.Debug|x86.ActiveCfg = Debug|Win32
		{74B1E5B8-565E-4831-ABFF-D3C443FC74AB}.Debug|x86.Build.0 = Debug|Win32
		{74B1E5B8-565E-4831-ABFF-D3C443FC74AB}.Release|x64.ActiveCfg = Release|x64
		{74B1E5B8-565E-4831-ABFF-D3C443FC74AB}.Release|x64.Build.0 = Release|x64
		{74B1E5B8-565E-4831-ABFF-D3C443FC74AB}.Release|x86.ActiveCfg = Release|Win32
		{74B1E5B8-565E-4831-ABFF-D3C443FC74AB}.Release|x86.Build.0 = Release|Win32
		{080690D9-8F75-46CD-B893-9CFBA6BC8E10}.Debug|x64.ActiveCfg = Debug|x64
		{080690D9-8F75-46CD-B893-9CFBA6BC8E10}.Debug|x64.Build.0 = Debug|x64
		{080690D9-8F75-46CD-B893-9CFBA6BC8E10}.Debug|x86.ActiveCfg = Debug|Win32
		{080690D9-8F75-46CD-B893-9CFBA6BC8E10}.Debug|x86.Build.0 = Debug|Win32
		{080690D9-8F75-46CD-B893-9CFBA6BC8E10}.Release|x64.ActiveCfg = Release|x64
		{080690D9-8F75-46CD-B893-9CFBA6BC8E10}.Release|x64.Build.0 = Release|x64
		{080690D9-8F75-46CD-B893-9CFBA6BC8E10}.Release|x86.ActiveCfg = Release|Win32
		{080690D9-8F75-46CD-B893-9CFBA6BC8E10}.Release|x86.Build.0 = Release|Win32
		{F8500A36-FE74-4C9E-AAF3-266B6F3B34A8}.Debug|x64.ActiveCfg = Debug|x64
		{F8500A36-FE74-4C9E-AAF3-266B6F3B34A8}.Debug|x64.Build.0 = Debug|x64
		{F8500A36-FE74-4C9E-AAF3-266B6F3B34A8}.Debug|x86.ActiveCfg = Debug|Win32
		{F8500A36-FE74-4C9E-AAF3-266B6F3B34A8}.Debug|x86.Build.0 = Debug|Win32
		{F8500A36-FE74-4C9E-AAF3-266B6F3B34A8}.Release|x64.ActiveCfg = Release|x64
		{F8500A36-FE74-4C9E-AAF3-266B6F3B34A8}.Release|x64.Build.0 = Release|x64
		{F8500A36-FE74-4C9E-AAF3-266B6F3B34A8}.Release|x86.ActiveCfg = Release|Win32
		{F8500A36-FE74-4C9E-AAF3-266B6F3B34A8}.Release|x86.Build.0 = Release|Win32
		{0DDF4CF6-E270-4473-9B40-354194135E85}.Debug|x64.ActiveCfg = Debug|x64
		{0DDF4CF6-E270-4473-9B40-354194135E85}.Debug|x64.Build.0 = Debug|x64
		{0DDF4CF6-E270-4473-9B40-354194135E85}.Debug|x86.ActiveCfg = Debug|Win32
		{0DDF4CF6-E270-4473-9B40-354194135E85}.Debug|x86.Build.0 = Debug|Win32
		{0DDF4CF6-E270-4473-9B40-354194135E85}.Release|x64.ActiveCfg = Release|x64
		{0DDF4CF6-E270-4473-9B40-354194135E85}.Release|x64.Build.0 = Release|x64
		{0DDF4CF6-E270-4473-9B40-354194135E85}.Release|x86.ActiveCfg = Release|Win32
		{0DDF4CF6-E270-4473-9B40-354194135E85}.Release|x86.Build.0 = Release|Win32
		{008CC182-859A-4030-851E-B66716C10E37}.Debug|x64.ActiveCfg = Debug|x64
		{008CC182-859A-4030-851E-B66716C10E37}.Debug|x64.Build.0 = Debug|x64
		{008CC182-859A-4030-851E-B66716C10E37}.Debug|x86.ActiveCfg = Debug|Win32
		{008CC182-859A-4030-851E-B66716C10E37}.Debug|x86.Build.0 = Debug|Win32
		{008CC182-859A-4030-851E-B66716C10E37}.Release|x64.ActiveCfg = Release|x64
		{008CC182-859A-4030-851E-B66716C10E37}.Release|x64.Build.0 = Release|x64
		{008CC182-859A-4030-851E-B66716C10E37}.Release|x86.ActiveCfg = Release|Win32
		{008CC182-859A-4030-851E-B66716C10E37}.Release|x86.Build.0 = Release|Win32
	EndGlobalSection
	GlobalSection(SolutionProperties) = preSolution
		HideSolutionNode = FALSE
	EndGlobalSection
	GlobalSection(ExtensibilityGlobals) = postSolution
		SolutionGuid = {4CA63D1E-72B5-46A4-BBA8-B8C68F884B51}
	EndGlobalSection
EndGlobal
