
Microsoft Visual Studio Solution File, Format Version 12.00
# Visual Studio 15
VisualStudioVersion = 15.0.28307.329
MinimumVisualStudioVersion = 10.0.40219.1
Project("{8BC9CEB8-8B4A-11D0-8D11-00A0C91BC942}") = "VNS", "VNS\VNS.vcxproj", "{AB28C7EC-4CC0-4D01-B463-E84A4B50EB1F}"
EndProject
Project("{8BC9CEB8-8B4A-11D0-8D11-00A0C91BC942}") = "AntiBandwidthLib", "AntiBandwidthLib\AntiBandwidthLib.vcxproj", "{03FCDA25-05C9-4D34-A919-DA3CADD02F7C}"
EndProject
Project("{8BC9CEB8-8B4A-11D0-8D11-00A0C91BC942}") = "GraphGeneratorLib", "GraphGeneratorLib\GraphGeneratorLib.vcxproj", "{64BDD558-7078-4C08-9F78-9FFCDB1D4CF2}"
EndProject
Project("{8BC9CEB8-8B4A-11D0-8D11-00A0C91BC942}") = "CatchLib", "CatchLib\CatchLib.vcxproj", "{220459F3-E2E0-4463-A8A5-93FE384D2C0C}"
EndProject
Project("{8BC9CEB8-8B4A-11D0-8D11-00A0C91BC942}") = "DeterministAlgoritmLib", "DeterministAlgoritmLib\DeterministAlgoritmLib.vcxproj", "{0F8A434C-33E5-44C9-B552-A45C1C0052C2}"
EndProject
Global
	GlobalSection(SolutionConfigurationPlatforms) = preSolution
		Debug|x64 = Debug|x64
		Debug|x86 = Debug|x86
		Release|x64 = Release|x64
		Release|x86 = Release|x86
	EndGlobalSection
	GlobalSection(ProjectConfigurationPlatforms) = postSolution
		{AB28C7EC-4CC0-4D01-B463-E84A4B50EB1F}.Debug|x64.ActiveCfg = Debug|x64
		{AB28C7EC-4CC0-4D01-B463-E84A4B50EB1F}.Debug|x64.Build.0 = Debug|x64
		{AB28C7EC-4CC0-4D01-B463-E84A4B50EB1F}.Debug|x86.ActiveCfg = Debug|Win32
		{AB28C7EC-4CC0-4D01-B463-E84A4B50EB1F}.Debug|x86.Build.0 = Debug|Win32
		{AB28C7EC-4CC0-4D01-B463-E84A4B50EB1F}.Release|x64.ActiveCfg = Release|x64
		{AB28C7EC-4CC0-4D01-B463-E84A4B50EB1F}.Release|x64.Build.0 = Release|x64
		{AB28C7EC-4CC0-4D01-B463-E84A4B50EB1F}.Release|x86.ActiveCfg = Release|Win32
		{AB28C7EC-4CC0-4D01-B463-E84A4B50EB1F}.Release|x86.Build.0 = Release|Win32
		{03FCDA25-05C9-4D34-A919-DA3CADD02F7C}.Debug|x64.ActiveCfg = Debug|x64
		{03FCDA25-05C9-4D34-A919-DA3CADD02F7C}.Debug|x64.Build.0 = Debug|x64
		{03FCDA25-05C9-4D34-A919-DA3CADD02F7C}.Debug|x86.ActiveCfg = Debug|Win32
		{03FCDA25-05C9-4D34-A919-DA3CADD02F7C}.Debug|x86.Build.0 = Debug|Win32
		{03FCDA25-05C9-4D34-A919-DA3CADD02F7C}.Release|x64.ActiveCfg = Release|x64
		{03FCDA25-05C9-4D34-A919-DA3CADD02F7C}.Release|x64.Build.0 = Release|x64
		{03FCDA25-05C9-4D34-A919-DA3CADD02F7C}.Release|x86.ActiveCfg = Release|Win32
		{03FCDA25-05C9-4D34-A919-DA3CADD02F7C}.Release|x86.Build.0 = Release|Win32
		{64BDD558-7078-4C08-9F78-9FFCDB1D4CF2}.Debug|x64.ActiveCfg = Debug|x64
		{64BDD558-7078-4C08-9F78-9FFCDB1D4CF2}.Debug|x64.Build.0 = Debug|x64
		{64BDD558-7078-4C08-9F78-9FFCDB1D4CF2}.Debug|x86.ActiveCfg = Debug|Win32
		{64BDD558-7078-4C08-9F78-9FFCDB1D4CF2}.Debug|x86.Build.0 = Debug|Win32
		{64BDD558-7078-4C08-9F78-9FFCDB1D4CF2}.Release|x64.ActiveCfg = Release|x64
		{64BDD558-7078-4C08-9F78-9FFCDB1D4CF2}.Release|x64.Build.0 = Release|x64
		{64BDD558-7078-4C08-9F78-9FFCDB1D4CF2}.Release|x86.ActiveCfg = Release|Win32
		{64BDD558-7078-4C08-9F78-9FFCDB1D4CF2}.Release|x86.Build.0 = Release|Win32
		{220459F3-E2E0-4463-A8A5-93FE384D2C0C}.Debug|x64.ActiveCfg = Debug|x64
		{220459F3-E2E0-4463-A8A5-93FE384D2C0C}.Debug|x64.Build.0 = Debug|x64
		{220459F3-E2E0-4463-A8A5-93FE384D2C0C}.Debug|x86.ActiveCfg = Debug|Win32
		{220459F3-E2E0-4463-A8A5-93FE384D2C0C}.Debug|x86.Build.0 = Debug|Win32
		{220459F3-E2E0-4463-A8A5-93FE384D2C0C}.Release|x64.ActiveCfg = Release|x64
		{220459F3-E2E0-4463-A8A5-93FE384D2C0C}.Release|x64.Build.0 = Release|x64
		{220459F3-E2E0-4463-A8A5-93FE384D2C0C}.Release|x86.ActiveCfg = Release|Win32
		{220459F3-E2E0-4463-A8A5-93FE384D2C0C}.Release|x86.Build.0 = Release|Win32
		{0F8A434C-33E5-44C9-B552-A45C1C0052C2}.Debug|x64.ActiveCfg = Debug|x64
		{0F8A434C-33E5-44C9-B552-A45C1C0052C2}.Debug|x64.Build.0 = Debug|x64
		{0F8A434C-33E5-44C9-B552-A45C1C0052C2}.Debug|x86.ActiveCfg = Debug|Win32
		{0F8A434C-33E5-44C9-B552-A45C1C0052C2}.Debug|x86.Build.0 = Debug|Win32
		{0F8A434C-33E5-44C9-B552-A45C1C0052C2}.Release|x64.ActiveCfg = Release|x64
		{0F8A434C-33E5-44C9-B552-A45C1C0052C2}.Release|x64.Build.0 = Release|x64
		{0F8A434C-33E5-44C9-B552-A45C1C0052C2}.Release|x86.ActiveCfg = Release|Win32
		{0F8A434C-33E5-44C9-B552-A45C1C0052C2}.Release|x86.Build.0 = Release|Win32
	EndGlobalSection
	GlobalSection(SolutionProperties) = preSolution
		HideSolutionNode = FALSE
	EndGlobalSection
	GlobalSection(ExtensibilityGlobals) = postSolution
		SolutionGuid = {4CA63D1E-72B5-46A4-BBA8-B8C68F884B51}
	EndGlobalSection
EndGlobal
